
Microsoft Visual Studio Solution File, Format Version 12.00
# Visual Studio 15
VisualStudioVersion = 15.0.27130.2010
MinimumVisualStudioVersion = 10.0.40219.1
Project("{FAE04EC0-301F-11D3-BF4B-00C04F79EFBC}") = "TimeTracker", "TimeTracker\TimeTracker.csproj", "{A85DA2F3-DF3D-404F-82FB-4E48C777B61E}"
EndProject
Project("{FAE04EC0-301F-11D3-BF4B-00C04F79EFBC}") = "TimeTrackerDataAccessLayer", "TimeTrackerDataAccessLayer\TimeTrackerDataAccessLayer.csproj", "{595181F9-F2F9-4D11-9916-55D1D2E8EF8C}"
EndProject
Project("{FAE04EC0-301F-11D3-BF4B-00C04F79EFBC}") = "SingleTimerLib", "SingleTimerLib\SingleTimerLib.csproj", "{BFAE3F23-7238-44BC-8F81-BEE455C9501C}"
EndProject
Global
	GlobalSection(SolutionConfigurationPlatforms) = preSolution
		Debug|Any CPU = Debug|Any CPU
		Release|Any CPU = Release|Any CPU
	EndGlobalSection
	GlobalSection(ProjectConfigurationPlatforms) = postSolution
		{A85DA2F3-DF3D-404F-82FB-4E48C777B61E}.Debug|Any CPU.ActiveCfg = Debug|Any CPU
		{A85DA2F3-DF3D-404F-82FB-4E48C777B61E}.Debug|Any CPU.Build.0 = Debug|Any CPU
		{A85DA2F3-DF3D-404F-82FB-4E48C777B61E}.Release|Any CPU.ActiveCfg = Release|Any CPU
		{A85DA2F3-DF3D-404F-82FB-4E48C777B61E}.Release|Any CPU.Build.0 = Release|Any CPU
		{595181F9-F2F9-4D11-9916-55D1D2E8EF8C}.Debug|Any CPU.ActiveCfg = Debug|Any CPU
		{595181F9-F2F9-4D11-9916-55D1D2E8EF8C}.Debug|Any CPU.Build.0 = Debug|Any CPU
		{595181F9-F2F9-4D11-9916-55D1D2E8EF8C}.Release|Any CPU.ActiveCfg = Release|Any CPU
		{595181F9-F2F9-4D11-9916-55D1D2E8EF8C}.Release|Any CPU.Build.0 = Release|Any CPU
		{BFAE3F23-7238-44BC-8F81-BEE455C9501C}.Debug|Any CPU.ActiveCfg = Debug|Any CPU
		{BFAE3F23-7238-44BC-8F81-BEE455C9501C}.Debug|Any CPU.Build.0 = Debug|Any CPU
		{BFAE3F23-7238-44BC-8F81-BEE455C9501C}.Release|Any CPU.ActiveCfg = Release|Any CPU
		{BFAE3F23-7238-44BC-8F81-BEE455C9501C}.Release|Any CPU.Build.0 = Release|Any CPU
	EndGlobalSection
	GlobalSection(SolutionProperties) = preSolution
		HideSolutionNode = FALSE
	EndGlobalSection
	GlobalSection(ExtensibilityGlobals) = postSolution
		SolutionGuid = {C4A0D0D0-EE3B-4FB8-B1B5-1F4DE8CAA49D}
	EndGlobalSection
EndGlobal
